
Microsoft Visual Studio Solution File, Format Version 12.00
# Visual Studio Version 16
VisualStudioVersion = 16.0.29519.87
MinimumVisualStudioVersion = 10.0.40219.1
Project("{FAE04EC0-301F-11D3-BF4B-00C04F79EFBC}") = "オブジェクト指向", "オブジェクト指向\オブジェクト指向.csproj", "{C2B0EA9A-BE8C-4347-A3F6-E61E8E83FD50}"
EndProject
Global
	GlobalSection(SolutionConfigurationPlatforms) = preSolution
		Debug|Any CPU = Debug|Any CPU
		Release|Any CPU = Release|Any CPU
	EndGlobalSection
	GlobalSection(ProjectConfigurationPlatforms) = postSolution
		{C2B0EA9A-BE8C-4347-A3F6-E61E8E83FD50}.Debug|Any CPU.ActiveCfg = Debug|Any CPU
		{C2B0EA9A-BE8C-4347-A3F6-E61E8E83FD50}.Debug|Any CPU.Build.0 = Debug|Any CPU
		{C2B0EA9A-BE8C-4347-A3F6-E61E8E83FD50}.Release|Any CPU.ActiveCfg = Release|Any CPU
		{C2B0EA9A-BE8C-4347-A3F6-E61E8E83FD50}.Release|Any CPU.Build.0 = Release|Any CPU
	EndGlobalSection
	GlobalSection(SolutionProperties) = preSolution
		HideSolutionNode = FALSE
	EndGlobalSection
	GlobalSection(ExtensibilityGlobals) = postSolution
		SolutionGuid = {49CF28DE-F04E-4BAE-A2CD-2E1D2B0B3BB1}
	EndGlobalSection
EndGlobal
